
Microsoft Visual Studio Solution File, Format Version 12.00
# Visual Studio Version 16
VisualStudioVersion = 16.0.29728.190
MinimumVisualStudioVersion = 10.0.40219.1
Project("{FAE04EC0-301F-11D3-BF4B-00C04F79EFBC}") = "TUITicTacToe", "TUITicTacToe\TUITicTacToe.csproj", "{195AB78A-7B89-4027-A4D3-EDC4F6D23AF5}"
EndProject
Global
	GlobalSection(SolutionConfigurationPlatforms) = preSolution
		Debug|Any CPU = Debug|Any CPU
		Release|Any CPU = Release|Any CPU
	EndGlobalSection
	GlobalSection(ProjectConfigurationPlatforms) = postSolution
		{195AB78A-7B89-4027-A4D3-EDC4F6D23AF5}.Debug|Any CPU.ActiveCfg = Debug|Any CPU
		{195AB78A-7B89-4027-A4D3-EDC4F6D23AF5}.Debug|Any CPU.Build.0 = Debug|Any CPU
		{195AB78A-7B89-4027-A4D3-EDC4F6D23AF5}.Release|Any CPU.ActiveCfg = Release|Any CPU
		{195AB78A-7B89-4027-A4D3-EDC4F6D23AF5}.Release|Any CPU.Build.0 = Release|Any CPU
	EndGlobalSection
	GlobalSection(SolutionProperties) = preSolution
		HideSolutionNode = FALSE
	EndGlobalSection
	GlobalSection(ExtensibilityGlobals) = postSolution
		SolutionGuid = {5BD7E93B-7C64-4795-AE49-84AFC0E6EBD6}
	EndGlobalSection
EndGlobal
